
Microsoft Visual Studio Solution File, Format Version 12.00
# Visual Studio 15
VisualStudioVersion = 15.0.28307.438
MinimumVisualStudioVersion = 10.0.40219.1
Project("{FAE04EC0-301F-11D3-BF4B-00C04F79EFBC}") = "RvtConverter", "RvtConverter.csproj", "{DFE4D093-5359-45B7-9BA7-6C99F9424B63}"
EndProject
Global
	GlobalSection(SolutionConfigurationPlatforms) = preSolution
		Debug|Any CPU = Debug|Any CPU
		Release|Any CPU = Release|Any CPU
	EndGlobalSection
	GlobalSection(ProjectConfigurationPlatforms) = postSolution
		{DFE4D093-5359-45B7-9BA7-6C99F9424B63}.Debug|Any CPU.ActiveCfg = Debug|Any CPU
		{DFE4D093-5359-45B7-9BA7-6C99F9424B63}.Debug|Any CPU.Build.0 = Debug|Any CPU
		{DFE4D093-5359-45B7-9BA7-6C99F9424B63}.Release|Any CPU.ActiveCfg = Release|Any CPU
		{DFE4D093-5359-45B7-9BA7-6C99F9424B63}.Release|Any CPU.Build.0 = Release|Any CPU
	EndGlobalSection
	GlobalSection(SolutionProperties) = preSolution
		HideSolutionNode = FALSE
	EndGlobalSection
	GlobalSection(ExtensibilityGlobals) = postSolution
		SolutionGuid = {DCA43088-727A-48A9-BE0C-FA9E6C945776}
	EndGlobalSection
EndGlobal
